
Microsoft Visual Studio Solution File, Format Version 12.00
# Visual Studio Version 17
VisualStudioVersion = 17.2.32516.85
MinimumVisualStudioVersion = 10.0.40219.1
Project("{FAE04EC0-301F-11D3-BF4B-00C04F79EFBC}") = "DernekAppAdmin", "DernekAppAdmin\DernekAppAdmin.csproj", "{A5D16738-5F8A-429D-B6C4-A3E9484919A9}"
EndProject
Project("{FAE04EC0-301F-11D3-BF4B-00C04F79EFBC}") = "EntityLayer", "EntityLayer\EntityLayer.csproj", "{47A041C5-0A9C-4189-AC0B-C00E2AA2690D}"
EndProject
Project("{FAE04EC0-301F-11D3-BF4B-00C04F79EFBC}") = "DataAccsesLayer", "DataAccsesLayer\DataAccsesLayer.csproj", "{56EEF109-96F6-4BD1-9EFE-194129978187}"
EndProject
Project("{FAE04EC0-301F-11D3-BF4B-00C04F79EFBC}") = "BussiniesLayer", "BussiniesLayer\BussiniesLayer.csproj", "{1E73039D-7824-4BE4-8429-BE91CEAAAF1D}"
EndProject
Global
	GlobalSection(SolutionConfigurationPlatforms) = preSolution
		Debug|Any CPU = Debug|Any CPU
		Release|Any CPU = Release|Any CPU
	EndGlobalSection
	GlobalSection(ProjectConfigurationPlatforms) = postSolution
		{A5D16738-5F8A-429D-B6C4-A3E9484919A9}.Debug|Any CPU.ActiveCfg = Debug|Any CPU
		{A5D16738-5F8A-429D-B6C4-A3E9484919A9}.Debug|Any CPU.Build.0 = Debug|Any CPU
		{A5D16738-5F8A-429D-B6C4-A3E9484919A9}.Release|Any CPU.ActiveCfg = Release|Any CPU
		{A5D16738-5F8A-429D-B6C4-A3E9484919A9}.Release|Any CPU.Build.0 = Release|Any CPU
		{47A041C5-0A9C-4189-AC0B-C00E2AA2690D}.Debug|Any CPU.ActiveCfg = Debug|Any CPU
		{47A041C5-0A9C-4189-AC0B-C00E2AA2690D}.Debug|Any CPU.Build.0 = Debug|Any CPU
		{47A041C5-0A9C-4189-AC0B-C00E2AA2690D}.Release|Any CPU.ActiveCfg = Release|Any CPU
		{47A041C5-0A9C-4189-AC0B-C00E2AA2690D}.Release|Any CPU.Build.0 = Release|Any CPU
		{56EEF109-96F6-4BD1-9EFE-194129978187}.Debug|Any CPU.ActiveCfg = Debug|Any CPU
		{56EEF109-96F6-4BD1-9EFE-194129978187}.Debug|Any CPU.Build.0 = Debug|Any CPU
		{56EEF109-96F6-4BD1-9EFE-194129978187}.Release|Any CPU.ActiveCfg = Release|Any CPU
		{56EEF109-96F6-4BD1-9EFE-194129978187}.Release|Any CPU.Build.0 = Release|Any CPU
		{1E73039D-7824-4BE4-8429-BE91CEAAAF1D}.Debug|Any CPU.ActiveCfg = Debug|Any CPU
		{1E73039D-7824-4BE4-8429-BE91CEAAAF1D}.Debug|Any CPU.Build.0 = Debug|Any CPU
		{1E73039D-7824-4BE4-8429-BE91CEAAAF1D}.Release|Any CPU.ActiveCfg = Release|Any CPU
		{1E73039D-7824-4BE4-8429-BE91CEAAAF1D}.Release|Any CPU.Build.0 = Release|Any CPU
	EndGlobalSection
	GlobalSection(SolutionProperties) = preSolution
		HideSolutionNode = FALSE
	EndGlobalSection
	GlobalSection(ExtensibilityGlobals) = postSolution
		SolutionGuid = {C9E67697-AB9A-469D-B23D-BC6281FD81F6}
	EndGlobalSection
EndGlobal
